{
  "name": "mastani_engine",
  "version": "1.0.0",
  "lockfileVersion": 1,
  "requires": true,
  "dependencies": {
    "@types/accepts": {
      "version": "1.3.5",
      "resolved": "https://registry.npmjs.org/@types/accepts/-/accepts-1.3.5.tgz",
      "integrity": "sha512-jOdnI/3qTpHABjM5cx1Hc0sKsPoYCp+DP/GJRGtDlPd7fiV9oXGGIcjW/ZOxLIvjGz8MA+uMZI9metHlgqbgwQ==",
      "requires": {
        "@types/node": "9.4.7"
      }
    },
    "@types/body-parser": {
      "version": "1.16.8",
      "resolved": "https://registry.npmjs.org/@types/body-parser/-/body-parser-1.16.8.tgz",
      "integrity": "sha512-BdN2PXxOFnTXFcyONPW6t0fHjz2fvRZHVMFpaS0wYr+Y8fWEaNOs4V8LEu/fpzQlMx+ahdndgTaGTwPC+J/EeA==",
      "requires": {
        "@types/express": "4.11.1",
        "@types/node": "9.4.7"
      }
    },
    "@types/bunyan": {
      "version": "1.8.4",
      "resolved": "https://registry.npmjs.org/@types/bunyan/-/bunyan-1.8.4.tgz",
      "integrity": "sha512-bxOF3fsm69ezKxdcJ7Oo/PsZMOJ+JIV/QJO2IADfScmR3sLulR88dpSnz6+q+9JJ1kD7dXFFgUrGRSKHLkOX7w==",
      "requires": {
        "@types/events": "1.2.0",
        "@types/node": "9.4.7"
      }
    },
    "@types/connect": {
      "version": "3.4.31",
      "resolved": "https://registry.npmjs.org/@types/connect/-/connect-3.4.31.tgz",
      "integrity": "sha512-OPSxsP6XqA3984KWDUXq/u05Hu8VWa/2rUVlw/aDUOx87BptIep6xb3NdCxCpKLfLdjZcCE5jR+gouTul3gjdA==",
      "requires": {
        "@types/node": "9.4.7"
      }
    },
    "@types/cookies": {
      "version": "0.7.1",
      "resolved": "https://registry.npmjs.org/@types/cookies/-/cookies-0.7.1.tgz",
      "integrity": "sha512-ku6IvbucEyuC6i4zAVK/KnuzWNXdbFd1HkXlNLg/zhWDGTtQT5VhumiPruB/BHW34PWVFwyfwGftDQHfWNxu3Q==",
      "requires": {
        "@types/connect": "3.4.31",
        "@types/express": "4.11.1",
        "@types/keygrip": "1.0.1",
        "@types/node": "9.4.7"
      }
    },
    "@types/events": {
      "version": "1.2.0",
      "resolved": "https://registry.npmjs.org/@types/events/-/events-1.2.0.tgz",
      "integrity": "sha512-KEIlhXnIutzKwRbQkGWb/I4HFqBuUykAdHgDED6xqwXJfONCjF5VoE0cXEiurh3XauygxzeDzgtXUqvLkxFzzA=="
    },
    "@types/express": {
      "version": "4.11.1",
      "resolved": "https://registry.npmjs.org/@types/express/-/express-4.11.1.tgz",
      "integrity": "sha512-ttWle8cnPA5rAelauSWeWJimtY2RsUf2aspYZs7xPHiWgOlPn6nnUfBMtrkcnjFJuIHJF4gNOdVvpLK2Zmvh6g==",
      "requires": {
        "@types/body-parser": "1.16.8",
        "@types/express-serve-static-core": "4.11.1",
        "@types/serve-static": "1.13.1"
      }
    },
    "@types/express-serve-static-core": {
      "version": "4.11.1",
      "resolved": "https://registry.npmjs.org/@types/express-serve-static-core/-/express-serve-static-core-4.11.1.tgz",
      "integrity": "sha512-EehCl3tpuqiM8RUb+0255M8PhhSwTtLfmO7zBBdv0ay/VTd/zmrqDfQdZFsa5z/PVMbH2yCMZPXsnrImpATyIw==",
      "requires": {
        "@types/events": "1.2.0",
        "@types/node": "9.4.7"
      }
    },
    "@types/http-assert": {
      "version": "1.2.2",
      "resolved": "https://registry.npmjs.org/@types/http-assert/-/http-assert-1.2.2.tgz",
      "integrity": "sha512-x1553BFcgBVOD6y3tC/2SOVcNaf6b9eH3BvqniAZZwmHWYhyr8ffXTYygQC/hQxNI4Yfc3q0gGUvyiAHV4tRNg=="
    },
    "@types/keygrip": {
      "version": "1.0.1",
      "resolved": "https://registry.npmjs.org/@types/keygrip/-/keygrip-1.0.1.tgz",
      "integrity": "sha1-/1QEYtL7TQqIRBzq8n0oewHD2Hg="
    },
    "@types/koa": {
      "version": "2.0.44",
      "resolved": "https://registry.npmjs.org/@types/koa/-/koa-2.0.44.tgz",
      "integrity": "sha512-xOg6XLJdKmYriExAF0pV+HYhzftNJbpxplJgjyCwEM2LNLQPMgW4uSHXjgsqSPKsaAgM8CiR31vIeocRibFSjw==",
      "requires": {
        "@types/accepts": "1.3.5",
        "@types/cookies": "0.7.1",
        "@types/events": "1.2.0",
        "@types/http-assert": "1.2.2",
        "@types/keygrip": "1.0.1",
        "@types/koa-compose": "3.2.2",
        "@types/node": "9.4.7"
      }
    },
    "@types/koa-bodyparser": {
      "version": "4.2.0",
      "resolved": "https://registry.npmjs.org/@types/koa-bodyparser/-/koa-bodyparser-4.2.0.tgz",
      "integrity": "sha512-E0DCU2jBpWniwtjYVfNOyUwzJzEQUPH8tYm02SRjLI2j3xByonCv1sDr56xHgjRJqOOseTXiobsA2iwsYNbNaA==",
      "requires": {
        "@types/koa": "2.0.44"
      }
    },
    "@types/koa-compose": {
      "version": "3.2.2",
      "resolved": "https://registry.npmjs.org/@types/koa-compose/-/koa-compose-3.2.2.tgz",
      "integrity": "sha1-3BBuAAu/kqOskA91bfRzRIh+6Ec="
    },
    "@types/koa-router": {
      "version": "7.0.27",
      "resolved": "https://registry.npmjs.org/@types/koa-router/-/koa-router-7.0.27.tgz",
      "integrity": "sha512-merzwkV5JD+X72K7Rvdoz6s62rIZFUAdld5cAnjmNEcJ7t/xZWI1+DxQJ79SfBXToPivHmYiUbD8e48EVMdXtw==",
      "requires": {
        "@types/koa": "2.0.44"
      }
    },
    "@types/mime": {
      "version": "2.0.0",
      "resolved": "https://registry.npmjs.org/@types/mime/-/mime-2.0.0.tgz",
      "integrity": "sha512-A2TAGbTFdBw9azHbpVd+/FkdW2T6msN1uct1O9bH3vTerEHKZhTXJUQXy+hNq1B0RagfU8U+KBdqiZpxjhOUQA=="
    },
    "@types/node": {
      "version": "9.4.7",
      "resolved": "https://registry.npmjs.org/@types/node/-/node-9.4.7.tgz",
      "integrity": "sha512-4Ba90mWNx8ddbafuyGGwjkZMigi+AWfYLSDCpovwsE63ia8w93r3oJ8PIAQc3y8U+XHcnMOHPIzNe3o438Ywcw=="
    },
    "@types/restify": {
      "version": "5.0.7",
      "resolved": "https://registry.npmjs.org/@types/restify/-/restify-5.0.7.tgz",
      "integrity": "sha512-0bcMA32Ys6nOQnD4QD6vDvfJg7nx5Dbd+oItNFAad3lwnanm0CqxSZpPQVgVMdD4Vrq/dY7yTaEUwsXOFci2iw==",
      "requires": {
        "@types/bunyan": "1.8.4",
        "@types/node": "9.4.7",
        "@types/spdy": "3.4.4"
      }
    },
    "@types/serve-static": {
      "version": "1.13.1",
      "resolved": "https://registry.npmjs.org/@types/serve-static/-/serve-static-1.13.1.tgz",
      "integrity": "sha512-jDMH+3BQPtvqZVIcsH700Dfi8Q3MIcEx16g/VdxjoqiGR/NntekB10xdBpirMKnPe9z2C5cBmL0vte0YttOr3Q==",
      "requires": {
        "@types/express-serve-static-core": "4.11.1",
        "@types/mime": "2.0.0"
      }
    },
    "@types/spdy": {
      "version": "3.4.4",
      "resolved": "https://registry.npmjs.org/@types/spdy/-/spdy-3.4.4.tgz",
      "integrity": "sha512-N9LBlbVRRYq6HgYpPkqQc3a9HJ/iEtVZToW6xlTtJiMhmRJ7jJdV7TaZQJw/Ve/1ePUsQiCTDc4JMuzzag94GA==",
      "requires": {
        "@types/node": "9.4.7"
      }
    },
    "apollo-cache-control": {
      "version": "0.0.9",
      "resolved": "https://registry.npmjs.org/apollo-cache-control/-/apollo-cache-control-0.0.9.tgz",
      "integrity": "sha512-bspKyM9gBDxv2nnKPSErzzZiSOdvRXnHwS/3gwBucZG1Dz5U4H6xyPtCx754/YfRto1yT9bUMc7vW85jJ/acOA==",
      "requires": {
        "graphql-extensions": "0.0.8"
      }
    },
    "apollo-engine": {
      "version": "1.0.4-0",
      "resolved": "https://registry.npmjs.org/apollo-engine/-/apollo-engine-1.0.4-0.tgz",
      "integrity": "sha512-H0RPv+OEJ48BSWFUjR2qOWHDTcXqjKV4mQsrFN//fHbODbhBf9jEywm9vHqLcMrRGsFJb6lyOAJHGkcvrUlQ3Q==",
      "requires": {
        "@types/connect": "3.4.31",
        "@types/express": "4.11.1",
        "@types/koa": "2.0.44",
        "@types/koa-bodyparser": "4.2.0",
        "@types/koa-router": "7.0.27",
        "@types/restify": "5.0.7",
        "apollo-engine-binary-darwin": "0.2018.2-156-g4bb06d64b",
        "apollo-engine-binary-linux": "0.2018.2-156-g4bb06d64b",
        "apollo-engine-binary-windows": "0.2018.2-156-g4bb06d64b"
      }
    },
    "apollo-engine-binary-darwin": {
      "version": "0.2018.2-156-g4bb06d64b",
      "resolved": "https://registry.npmjs.org/apollo-engine-binary-darwin/-/apollo-engine-binary-darwin-0.2018.2-156-g4bb06d64b.tgz",
      "integrity": "sha512-gjr+fEr5Ln6Gd4m+3gMw8i/spPWgSy18AgC9g4nyJg5H9hwZKwPWBFf1EqNB1b9fvNus2kYYo6hdKh2FotIo2A==",
      "optional": true
    },
    "apollo-engine-binary-linux": {
      "version": "0.2018.2-156-g4bb06d64b",
      "resolved": "https://registry.npmjs.org/apollo-engine-binary-linux/-/apollo-engine-binary-linux-0.2018.2-156-g4bb06d64b.tgz",
      "integrity": "sha512-Z8BSYlxmkFA7sgctBdhsrELhCf/0aYVH7TdAqaBq3Ugs654/d7NW/LECAeMIh2/N5HPokTY345ZL5YTxR+qOUw==",
      "optional": true
    },
    "apollo-engine-binary-windows": {
      "version": "0.2018.2-156-g4bb06d64b",
      "resolved": "https://registry.npmjs.org/apollo-engine-binary-windows/-/apollo-engine-binary-windows-0.2018.2-156-g4bb06d64b.tgz",
      "integrity": "sha512-hG/t3bJtT1vqTJSsEwj4c1nm7M3aENjQDnSqubTO66Q4vhFeGQ0q+BX/IYAKIDtGPBdQGykW1XN8uYYIXTBsWw==",
      "optional": true
    },
    "apollo-server-core": {
      "version": "1.3.2",
      "resolved": "https://registry.npmjs.org/apollo-server-core/-/apollo-server-core-1.3.2.tgz",
      "integrity": "sha1-82hVo+vcLXe4ucRUOAvx1wYQX/w=",
      "requires": {
        "apollo-cache-control": "0.0.9",
        "apollo-tracing": "0.1.3",
        "graphql-extensions": "0.0.8"
      }
    },
    "apollo-server-express": {
      "version": "1.3.2",
      "resolved": "https://registry.npmjs.org/apollo-server-express/-/apollo-server-express-1.3.2.tgz",
      "integrity": "sha1-D/ggHAvzYoBKFR4TmXZ9rmq34wk=",
      "requires": {
        "apollo-server-core": "1.3.2",
        "apollo-server-module-graphiql": "1.3.2"
      }
    },
    "apollo-server-module-graphiql": {
      "version": "1.3.2",
      "resolved": "https://registry.npmjs.org/apollo-server-module-graphiql/-/apollo-server-module-graphiql-1.3.2.tgz",
      "integrity": "sha1-Cp5MSN7OOvkE/uMz+V97mBczXKc="
    },
    "apollo-tracing": {
      "version": "0.1.3",
      "resolved": "https://registry.npmjs.org/apollo-tracing/-/apollo-tracing-0.1.3.tgz",
      "integrity": "sha512-LZhSDL4oe9iNkedzJk6tQ6zLXmw/lwCvB0HDZyJjdp8rqrW+RN0Fk6MmZtNq9Z0olwOUh8EN3vIpzLwR3CJTrw==",
      "requires": {
        "graphql-extensions": "0.0.8"
      }
    },
    "core-js": {
      "version": "2.5.3",
      "resolved": "https://registry.npmjs.org/core-js/-/core-js-2.5.3.tgz",
      "integrity": "sha1-isw4NFgk8W2DZbfJtCWRaOjtYD4="
    },
    "dotenv": {
      "version": "5.0.1",
      "resolved": "https://registry.npmjs.org/dotenv/-/dotenv-5.0.1.tgz",
      "integrity": "sha512-4As8uPrjfwb7VXC+WnLCbXK7y+Ueb2B3zgNCePYfhxS1PYeaO1YTeplffTEcbfLhvFNGLAz90VvJs9yomG7bow=="
    },
    "graphql-extensions": {
      "version": "0.0.8",
      "resolved": "https://registry.npmjs.org/graphql-extensions/-/graphql-extensions-0.0.8.tgz",
      "integrity": "sha512-9Ew7qfzkcsV2zrW4OJrdEcFKWAM3hsEhnp4Hbx9RGJ/uZvzDzR1uNUI5wQtjmWfMOj/QvVbwSeNA48PxYAGiBw==",
      "requires": {
        "core-js": "2.5.3",
        "source-map-support": "0.5.4"
      }
    },
    "source-map": {
      "version": "0.6.1",
      "resolved": "https://registry.npmjs.org/source-map/-/source-map-0.6.1.tgz",
      "integrity": "sha512-UjgapumWlbMhkBgzT7Ykc5YXUT46F0iKu8SGXq0bcwP5dz/h0Plj6enJqjz1Zbq2l5WaqYnrVbwWOWMyF3F47g=="
    },
    "source-map-support": {
      "version": "0.5.4",
      "resolved": "https://registry.npmjs.org/source-map-support/-/source-map-support-0.5.4.tgz",
      "integrity": "sha512-PETSPG6BjY1AHs2t64vS2aqAgu6dMIMXJULWFBGbh2Gr8nVLbCFDo6i/RMMvviIQ2h1Z8+5gQhVKSn2je9nmdg==",
      "requires": {
        "source-map": "0.6.1"
      }
    }
  }
}
